
Microsoft Visual Studio Solution File, Format Version 12.00
# Visual Studio 2012
Project("{FAE04EC0-301F-11D3-BF4B-00C04F79EFBC}") = "RtwfApp", "RtwfApp\RtwfApp.csproj", "{85D4E55B-0ABE-4DF8-9DE0-292CDF2D09DA}"
EndProject
Project("{FAE04EC0-301F-11D3-BF4B-00C04F79EFBC}") = "TestShifts", "TestShifts\TestShifts.csproj", "{28084E4D-A467-4847-8D23-3EB48F21ADDA}"
EndProject
Project("{FAE04EC0-301F-11D3-BF4B-00C04F79EFBC}") = "MathStat", "MathStat\MathStat.csproj", "{87B50C9B-3A41-41A4-BF29-52C3D823D875}"
EndProject
Project("{FAE04EC0-301F-11D3-BF4B-00C04F79EFBC}") = "MultimediaTimer", "MultimediaTimer\MultimediaTimer.csproj", "{DE2611C9-8415-44DE-ACEF-700F920D1BBC}"
EndProject
Project("{FAE04EC0-301F-11D3-BF4B-00C04F79EFBC}") = "WpfApplication1", "WpfApplication1\WpfApplication1.csproj", "{76F27802-B4BE-4694-B866-70DC557FEF08}"
EndProject
Project("{FAE04EC0-301F-11D3-BF4B-00C04F79EFBC}") = "GuiUtils", "GuiUtils\GuiUtils.csproj", "{BCC97152-9321-4DC5-A1CC-4F32B9325572}"
EndProject
Project("{FAE04EC0-301F-11D3-BF4B-00C04F79EFBC}") = "DxProxy", "DxProxy\DxProxy.csproj", "{79C73F5B-EF73-4CD6-9174-D75224E15D69}"
EndProject
Global
	GlobalSection(SolutionConfigurationPlatforms) = preSolution
		Debug|Any CPU = Debug|Any CPU
		Debug|x64 = Debug|x64
		Debug|x86 = Debug|x86
		Release|Any CPU = Release|Any CPU
		Release|x64 = Release|x64
		Release|x86 = Release|x86
	EndGlobalSection
	GlobalSection(ProjectConfigurationPlatforms) = postSolution
		{85D4E55B-0ABE-4DF8-9DE0-292CDF2D09DA}.Debug|Any CPU.ActiveCfg = Debug|Any CPU
		{85D4E55B-0ABE-4DF8-9DE0-292CDF2D09DA}.Debug|Any CPU.Build.0 = Debug|Any CPU
		{85D4E55B-0ABE-4DF8-9DE0-292CDF2D09DA}.Debug|x64.ActiveCfg = Debug|Any CPU
		{85D4E55B-0ABE-4DF8-9DE0-292CDF2D09DA}.Debug|x64.Build.0 = Debug|Any CPU
		{85D4E55B-0ABE-4DF8-9DE0-292CDF2D09DA}.Debug|x86.ActiveCfg = Debug|Any CPU
		{85D4E55B-0ABE-4DF8-9DE0-292CDF2D09DA}.Debug|x86.Build.0 = Debug|Any CPU
		{85D4E55B-0ABE-4DF8-9DE0-292CDF2D09DA}.Release|Any CPU.ActiveCfg = Release|Any CPU
		{85D4E55B-0ABE-4DF8-9DE0-292CDF2D09DA}.Release|Any CPU.Build.0 = Release|Any CPU
		{85D4E55B-0ABE-4DF8-9DE0-292CDF2D09DA}.Release|x64.ActiveCfg = Release|Any CPU
		{85D4E55B-0ABE-4DF8-9DE0-292CDF2D09DA}.Release|x64.Build.0 = Release|Any CPU
		{85D4E55B-0ABE-4DF8-9DE0-292CDF2D09DA}.Release|x86.ActiveCfg = Release|Any CPU
		{85D4E55B-0ABE-4DF8-9DE0-292CDF2D09DA}.Release|x86.Build.0 = Release|Any CPU
		{28084E4D-A467-4847-8D23-3EB48F21ADDA}.Debug|Any CPU.ActiveCfg = Debug|x64
		{28084E4D-A467-4847-8D23-3EB48F21ADDA}.Debug|x64.ActiveCfg = Debug|x64
		{28084E4D-A467-4847-8D23-3EB48F21ADDA}.Debug|x64.Build.0 = Debug|x64
		{28084E4D-A467-4847-8D23-3EB48F21ADDA}.Debug|x86.ActiveCfg = Debug|x86
		{28084E4D-A467-4847-8D23-3EB48F21ADDA}.Debug|x86.Build.0 = Debug|x86
		{28084E4D-A467-4847-8D23-3EB48F21ADDA}.Release|Any CPU.ActiveCfg = Release|x86
		{28084E4D-A467-4847-8D23-3EB48F21ADDA}.Release|x64.ActiveCfg = Release|x64
		{28084E4D-A467-4847-8D23-3EB48F21ADDA}.Release|x64.Build.0 = Release|x64
		{28084E4D-A467-4847-8D23-3EB48F21ADDA}.Release|x86.ActiveCfg = Release|x86
		{28084E4D-A467-4847-8D23-3EB48F21ADDA}.Release|x86.Build.0 = Release|x86
		{87B50C9B-3A41-41A4-BF29-52C3D823D875}.Debug|Any CPU.ActiveCfg = Debug|Any CPU
		{87B50C9B-3A41-41A4-BF29-52C3D823D875}.Debug|Any CPU.Build.0 = Debug|Any CPU
		{87B50C9B-3A41-41A4-BF29-52C3D823D875}.Debug|x64.ActiveCfg = Debug|Any CPU
		{87B50C9B-3A41-41A4-BF29-52C3D823D875}.Debug|x64.Build.0 = Debug|Any CPU
		{87B50C9B-3A41-41A4-BF29-52C3D823D875}.Debug|x86.ActiveCfg = Debug|Any CPU
		{87B50C9B-3A41-41A4-BF29-52C3D823D875}.Debug|x86.Build.0 = Debug|Any CPU
		{87B50C9B-3A41-41A4-BF29-52C3D823D875}.Release|Any CPU.ActiveCfg = Release|Any CPU
		{87B50C9B-3A41-41A4-BF29-52C3D823D875}.Release|Any CPU.Build.0 = Release|Any CPU
		{87B50C9B-3A41-41A4-BF29-52C3D823D875}.Release|x64.ActiveCfg = Release|Any CPU
		{87B50C9B-3A41-41A4-BF29-52C3D823D875}.Release|x64.Build.0 = Release|Any CPU
		{87B50C9B-3A41-41A4-BF29-52C3D823D875}.Release|x86.ActiveCfg = Release|Any CPU
		{87B50C9B-3A41-41A4-BF29-52C3D823D875}.Release|x86.Build.0 = Release|Any CPU
		{DE2611C9-8415-44DE-ACEF-700F920D1BBC}.Debug|Any CPU.ActiveCfg = Debug|Any CPU
		{DE2611C9-8415-44DE-ACEF-700F920D1BBC}.Debug|Any CPU.Build.0 = Debug|Any CPU
		{DE2611C9-8415-44DE-ACEF-700F920D1BBC}.Debug|x64.ActiveCfg = Debug|Any CPU
		{DE2611C9-8415-44DE-ACEF-700F920D1BBC}.Debug|x64.Build.0 = Debug|Any CPU
		{DE2611C9-8415-44DE-ACEF-700F920D1BBC}.Debug|x86.ActiveCfg = Debug|Any CPU
		{DE2611C9-8415-44DE-ACEF-700F920D1BBC}.Debug|x86.Build.0 = Debug|Any CPU
		{DE2611C9-8415-44DE-ACEF-700F920D1BBC}.Release|Any CPU.ActiveCfg = Release|Any CPU
		{DE2611C9-8415-44DE-ACEF-700F920D1BBC}.Release|Any CPU.Build.0 = Release|Any CPU
		{DE2611C9-8415-44DE-ACEF-700F920D1BBC}.Release|x64.ActiveCfg = Release|Any CPU
		{DE2611C9-8415-44DE-ACEF-700F920D1BBC}.Release|x64.Build.0 = Release|Any CPU
		{DE2611C9-8415-44DE-ACEF-700F920D1BBC}.Release|x86.ActiveCfg = Release|Any CPU
		{DE2611C9-8415-44DE-ACEF-700F920D1BBC}.Release|x86.Build.0 = Release|Any CPU
		{76F27802-B4BE-4694-B866-70DC557FEF08}.Debug|Any CPU.ActiveCfg = Debug|Any CPU
		{76F27802-B4BE-4694-B866-70DC557FEF08}.Debug|Any CPU.Build.0 = Debug|Any CPU
		{76F27802-B4BE-4694-B866-70DC557FEF08}.Debug|x64.ActiveCfg = Debug|Any CPU
		{76F27802-B4BE-4694-B866-70DC557FEF08}.Debug|x64.Build.0 = Debug|Any CPU
		{76F27802-B4BE-4694-B866-70DC557FEF08}.Debug|x86.ActiveCfg = Debug|Any CPU
		{76F27802-B4BE-4694-B866-70DC557FEF08}.Debug|x86.Build.0 = Debug|Any CPU
		{76F27802-B4BE-4694-B866-70DC557FEF08}.Release|Any CPU.ActiveCfg = Release|Any CPU
		{76F27802-B4BE-4694-B866-70DC557FEF08}.Release|Any CPU.Build.0 = Release|Any CPU
		{76F27802-B4BE-4694-B866-70DC557FEF08}.Release|x64.ActiveCfg = Release|Any CPU
		{76F27802-B4BE-4694-B866-70DC557FEF08}.Release|x64.Build.0 = Release|Any CPU
		{76F27802-B4BE-4694-B866-70DC557FEF08}.Release|x86.ActiveCfg = Release|Any CPU
		{76F27802-B4BE-4694-B866-70DC557FEF08}.Release|x86.Build.0 = Release|Any CPU
		{BCC97152-9321-4DC5-A1CC-4F32B9325572}.Debug|Any CPU.ActiveCfg = Debug|Any CPU
		{BCC97152-9321-4DC5-A1CC-4F32B9325572}.Debug|Any CPU.Build.0 = Debug|Any CPU
		{BCC97152-9321-4DC5-A1CC-4F32B9325572}.Debug|x64.ActiveCfg = Debug|Any CPU
		{BCC97152-9321-4DC5-A1CC-4F32B9325572}.Debug|x64.Build.0 = Debug|Any CPU
		{BCC97152-9321-4DC5-A1CC-4F32B9325572}.Debug|x86.ActiveCfg = Debug|Any CPU
		{BCC97152-9321-4DC5-A1CC-4F32B9325572}.Debug|x86.Build.0 = Debug|Any CPU
		{BCC97152-9321-4DC5-A1CC-4F32B9325572}.Release|Any CPU.ActiveCfg = Release|Any CPU
		{BCC97152-9321-4DC5-A1CC-4F32B9325572}.Release|Any CPU.Build.0 = Release|Any CPU
		{BCC97152-9321-4DC5-A1CC-4F32B9325572}.Release|x64.ActiveCfg = Release|Any CPU
		{BCC97152-9321-4DC5-A1CC-4F32B9325572}.Release|x64.Build.0 = Release|Any CPU
		{BCC97152-9321-4DC5-A1CC-4F32B9325572}.Release|x86.ActiveCfg = Release|Any CPU
		{BCC97152-9321-4DC5-A1CC-4F32B9325572}.Release|x86.Build.0 = Release|Any CPU
		{79C73F5B-EF73-4CD6-9174-D75224E15D69}.Debug|Any CPU.ActiveCfg = Debug|x64
		{79C73F5B-EF73-4CD6-9174-D75224E15D69}.Debug|x64.ActiveCfg = Debug|x64
		{79C73F5B-EF73-4CD6-9174-D75224E15D69}.Debug|x64.Build.0 = Debug|x64
		{79C73F5B-EF73-4CD6-9174-D75224E15D69}.Debug|x86.ActiveCfg = Debug|x86
		{79C73F5B-EF73-4CD6-9174-D75224E15D69}.Debug|x86.Build.0 = Debug|x86
		{79C73F5B-EF73-4CD6-9174-D75224E15D69}.Release|Any CPU.ActiveCfg = Release|x86
		{79C73F5B-EF73-4CD6-9174-D75224E15D69}.Release|x64.ActiveCfg = Release|x64
		{79C73F5B-EF73-4CD6-9174-D75224E15D69}.Release|x64.Build.0 = Release|x64
		{79C73F5B-EF73-4CD6-9174-D75224E15D69}.Release|x86.ActiveCfg = Release|x86
		{79C73F5B-EF73-4CD6-9174-D75224E15D69}.Release|x86.Build.0 = Release|x86
	EndGlobalSection
	GlobalSection(SolutionProperties) = preSolution
		HideSolutionNode = FALSE
	EndGlobalSection
EndGlobal
